
Microsoft Visual Studio Solution File, Format Version 12.00
# Visual Studio Version 16
VisualStudioVersion = 16.0.30717.126
MinimumVisualStudioVersion = 10.0.40219.1
Project("{2150E333-8FDC-42A3-9474-1A3956D46DE8}") = "Semana1", "Semana1", "{3985F9E1-5332-4C73-AD1C-BE63B309915C}"
EndProject
Project("{8BC9CEB8-8B4A-11D0-8D11-00A0C91BC942}") = "TrabajoClase1", "TrabajoClase1\TrabajoClase1.vcxproj", "{657869C0-ABA3-4237-8332-787DF14DD397}"
EndProject
Project("{8BC9CEB8-8B4A-11D0-8D11-00A0C91BC942}") = "EstructuraArreglos", "EstructuraArreglos\EstructuraArreglos.vcxproj", "{C46FCCE4-A3B3-4B7E-9BBC-62D26753B7A6}"
EndProject
Project("{8BC9CEB8-8B4A-11D0-8D11-00A0C91BC942}") = "EnteroGrande", "EnteroGrande\EnteroGrande.vcxproj", "{69A1B615-2EF3-4169-A7E5-102D8FEB037A}"
EndProject
Project("{2150E333-8FDC-42A3-9474-1A3956D46DE8}") = "Semana2", "Semana2", "{C053FBD0-A5C5-4A72-8339-7B4C835CC42E}"
EndProject
Project("{8BC9CEB8-8B4A-11D0-8D11-00A0C91BC942}") = "EjemploList", "EjemploList\EjemploList.vcxproj", "{0DD8DB45-4FEE-4806-8573-180E491142B8}"
EndProject
Project("{8BC9CEB8-8B4A-11D0-8D11-00A0C91BC942}") = "EjemploStack", "EjemploStack\EjemploStack.vcxproj", "{212A62DD-DFB4-4563-A60D-34EB9DF870DE}"
EndProject
Project("{2150E333-8FDC-42A3-9474-1A3956D46DE8}") = "Semana3", "Semana3", "{217E633A-A162-4A0D-A08F-1C3C7503BFB5}"
EndProject
Project("{8BC9CEB8-8B4A-11D0-8D11-00A0C91BC942}") = "EjemploQueue", "EjemploQueue\EjemploQueue.vcxproj", "{D3B20F73-31A4-4288-B4CB-8B5D24A57CF6}"
EndProject
Project("{8BC9CEB8-8B4A-11D0-8D11-00A0C91BC942}") = "EjemploImplementacionQueue", "EjemploImplementacionQueue\EjemploImplementacionQueue.vcxproj", "{8A8351A6-CB6F-4444-B5C4-5BE39661977D}"
EndProject
Project("{2150E333-8FDC-42A3-9474-1A3956D46DE8}") = "Semana4", "Semana4", "{39068844-430B-496C-B415-4823D4A904EB}"
EndProject
Project("{8BC9CEB8-8B4A-11D0-8D11-00A0C91BC942}") = "BusquedaBinaria", "BusquedaBinaria\BusquedaBinaria.vcxproj", "{CC516199-6559-430A-B6D9-1C45BF296721}"
EndProject
Project("{2150E333-8FDC-42A3-9474-1A3956D46DE8}") = "Semana5", "Semana5", "{6280D502-FF89-497D-BB96-001158019D27}"
EndProject
Project("{8BC9CEB8-8B4A-11D0-8D11-00A0C91BC942}") = "MergeSort", "MergeSort\MergeSort.vcxproj", "{100DB2D3-CCE5-4527-BA8F-4B9E006B574B}"
EndProject
Project("{8BC9CEB8-8B4A-11D0-8D11-00A0C91BC942}") = "InsertionSort", "InsertionSort\InsertionSort.vcxproj", "{C17182F3-DD82-4BC5-9CCA-824F7B08017E}"
EndProject
Project("{8BC9CEB8-8B4A-11D0-8D11-00A0C91BC942}") = "BubbleAndSelectionSort", "BubbleSort\BubbleSort.vcxproj", "{64ABB48A-00A0-4512-8212-E7EB86E65E3A}"
EndProject
Project("{8BC9CEB8-8B4A-11D0-8D11-00A0C91BC942}") = "BusquedaLinear", "BusquedaLinear\BusquedaLinear.vcxproj", "{E51E2ACD-F445-4C8E-A461-9B622155E7EA}"
EndProject
Project("{8BC9CEB8-8B4A-11D0-8D11-00A0C91BC942}") = "ShellSort", "ShellSort\ShellSort.vcxproj", "{1D487A15-E7F4-4F27-AFD5-85A80AACF5E3}"
EndProject
Project("{8BC9CEB8-8B4A-11D0-8D11-00A0C91BC942}") = "BucketSort", "BucketSort\BucketSort.vcxproj", "{66442B7D-39E3-4B5E-BEBF-2AFEF8B44544}"
EndProject
Project("{8BC9CEB8-8B4A-11D0-8D11-00A0C91BC942}") = "ExamenI", "ExamenI\ExamenI.vcxproj", "{0F1B0A13-B607-4D0B-98FB-8E05D393B6A0}"
EndProject
Project("{2150E333-8FDC-42A3-9474-1A3956D46DE8}") = "Semana6", "Semana6", "{06D80220-DED8-4A04-B8C0-E9761F0887E1}"
EndProject
Project("{8BC9CEB8-8B4A-11D0-8D11-00A0C91BC942}") = "EjemploArbolBinario", "EjemploArbolBinario\EjemploArbolBinario.vcxproj", "{F94B1C7D-D365-459C-81B3-36BAC6BD5D4C}"
EndProject
Project("{2150E333-8FDC-42A3-9474-1A3956D46DE8}") = "Semana7", "Semana7", "{0164FDE6-A701-4227-A8D6-62AF20125189}"
EndProject
Project("{8BC9CEB8-8B4A-11D0-8D11-00A0C91BC942}") = "EjemploArbolNario", "EjemploArbolNario\EjemploArbolNario.vcxproj", "{1191555C-19FE-47AA-84B0-E3238B10F90A}"
EndProject
Project("{2150E333-8FDC-42A3-9474-1A3956D46DE8}") = "Semana8", "Semana8", "{8C07FD83-0852-46D2-8239-AC607AEBF478}"
EndProject
Project("{8BC9CEB8-8B4A-11D0-8D11-00A0C91BC942}") = "EjemploGrafo", "EjemploGrafo\EjemploGrafo.vcxproj", "{9E3D85B6-5E86-409B-8BD0-FA1D8B217CA6}"
EndProject
Project("{8BC9CEB8-8B4A-11D0-8D11-00A0C91BC942}") = "ProyectoII", "ProyectoII\ProyectoII.vcxproj", "{A799A95D-B0C3-4D5D-92FB-0450737C25A0}"
EndProject
Project("{8BC9CEB8-8B4A-11D0-8D11-00A0C91BC942}") = "ComponentesConvexos", "ComponentesConvexos\ComponentesConvexos.vcxproj", "{449231AE-5973-44A1-86B4-AE333193F455}"
EndProject
Project("{2150E333-8FDC-42A3-9474-1A3956D46DE8}") = "Semana9", "Semana9", "{5AE2FF4E-C746-4915-917D-0951A49F1544}"
EndProject
Project("{8BC9CEB8-8B4A-11D0-8D11-00A0C91BC942}") = "AlgoritmoFloydWarshall", "AlgoritmoFloydWarshall\AlgoritmoFloydWarshall.vcxproj", "{7D28095D-E068-469A-80AA-C99E7CD84494}"
EndProject
Project("{8BC9CEB8-8B4A-11D0-8D11-00A0C91BC942}") = "CiclosGrafos", "CiclosGrafos\CiclosGrafos.vcxproj", "{3ED27051-97F9-48DB-A2AA-196BAC75AB9F}"
EndProject
Project("{8BC9CEB8-8B4A-11D0-8D11-00A0C91BC942}") = "AlgoritmoPrim", "AlgoritmoPrim\AlgoritmoPrim.vcxproj", "{9894F901-BC56-48A4-91E5-23E04ACC4F50}"
EndProject
Project("{8BC9CEB8-8B4A-11D0-8D11-00A0C91BC942}") = "AlgoritmoKruskal", "AlgoritmoKruskal\AlgoritmoKruskal.vcxproj", "{1013D2DD-E370-4371-BC80-A54F02A7EE5D}"
EndProject
Project("{8BC9CEB8-8B4A-11D0-8D11-00A0C91BC942}") = "AlgoritmoDijkstra", "AlgoritmoDijkstra\AlgoritmoDijkstra.vcxproj", "{A02ADDD2-9970-446F-87BB-C7207AE0014B}"
EndProject
Project("{8BC9CEB8-8B4A-11D0-8D11-00A0C91BC942}") = "GrafoListasAdyacencia", "GrafoListasAdyacencia\GrafoListasAdyacencia.vcxproj", "{DE743AF1-658E-497E-AF53-F3E23A090769}"
EndProject
Project("{8BC9CEB8-8B4A-11D0-8D11-00A0C91BC942}") = "AlgoritmoBellmanFord", "AlgoritmoBellmanFord\AlgoritmoBellmanFord.vcxproj", "{C752C838-0BB1-457F-BD7F-3D2D4E992D91}"
EndProject
Project("{2150E333-8FDC-42A3-9474-1A3956D46DE8}") = "Semana10", "Semana10", "{D2354340-EE15-46F5-AECA-C609C76870BF}"
EndProject
Project("{8BC9CEB8-8B4A-11D0-8D11-00A0C91BC942}") = "ExamenII_ArbolB", "ExamenII\ExamenII.vcxproj", "{B8DA7EDF-FC81-49F0-AC1C-F8264F02F958}"
EndProject
Project("{8BC9CEB8-8B4A-11D0-8D11-00A0C91BC942}") = "ExamenII_Grafo", "ExamenII_Grafo\ExamenII_Grafo.vcxproj", "{BAD470E5-8E1E-497F-A1C6-E4DC4F6EBC9A}"
EndProject
Global
	GlobalSection(SolutionConfigurationPlatforms) = preSolution
		Debug|x64 = Debug|x64
		Debug|x86 = Debug|x86
		Release|x64 = Release|x64
		Release|x86 = Release|x86
	EndGlobalSection
	GlobalSection(ProjectConfigurationPlatforms) = postSolution
		{657869C0-ABA3-4237-8332-787DF14DD397}.Debug|x64.ActiveCfg = Debug|x64
		{657869C0-ABA3-4237-8332-787DF14DD397}.Debug|x64.Build.0 = Debug|x64
		{657869C0-ABA3-4237-8332-787DF14DD397}.Debug|x86.ActiveCfg = Debug|Win32
		{657869C0-ABA3-4237-8332-787DF14DD397}.Debug|x86.Build.0 = Debug|Win32
		{657869C0-ABA3-4237-8332-787DF14DD397}.Release|x64.ActiveCfg = Release|x64
		{657869C0-ABA3-4237-8332-787DF14DD397}.Release|x64.Build.0 = Release|x64
		{657869C0-ABA3-4237-8332-787DF14DD397}.Release|x86.ActiveCfg = Release|Win32
		{657869C0-ABA3-4237-8332-787DF14DD397}.Release|x86.Build.0 = Release|Win32
		{C46FCCE4-A3B3-4B7E-9BBC-62D26753B7A6}.Debug|x64.ActiveCfg = Debug|x64
		{C46FCCE4-A3B3-4B7E-9BBC-62D26753B7A6}.Debug|x64.Build.0 = Debug|x64
		{C46FCCE4-A3B3-4B7E-9BBC-62D26753B7A6}.Debug|x86.ActiveCfg = Debug|Win32
		{C46FCCE4-A3B3-4B7E-9BBC-62D26753B7A6}.Debug|x86.Build.0 = Debug|Win32
		{C46FCCE4-A3B3-4B7E-9BBC-62D26753B7A6}.Release|x64.ActiveCfg = Release|x64
		{C46FCCE4-A3B3-4B7E-9BBC-62D26753B7A6}.Release|x64.Build.0 = Release|x64
		{C46FCCE4-A3B3-4B7E-9BBC-62D26753B7A6}.Release|x86.ActiveCfg = Release|Win32
		{C46FCCE4-A3B3-4B7E-9BBC-62D26753B7A6}.Release|x86.Build.0 = Release|Win32
		{69A1B615-2EF3-4169-A7E5-102D8FEB037A}.Debug|x64.ActiveCfg = Debug|x64
		{69A1B615-2EF3-4169-A7E5-102D8FEB037A}.Debug|x64.Build.0 = Debug|x64
		{69A1B615-2EF3-4169-A7E5-102D8FEB037A}.Debug|x86.ActiveCfg = Debug|Win32
		{69A1B615-2EF3-4169-A7E5-102D8FEB037A}.Debug|x86.Build.0 = Debug|Win32
		{69A1B615-2EF3-4169-A7E5-102D8FEB037A}.Release|x64.ActiveCfg = Release|x64
		{69A1B615-2EF3-4169-A7E5-102D8FEB037A}.Release|x64.Build.0 = Release|x64
		{69A1B615-2EF3-4169-A7E5-102D8FEB037A}.Release|x86.ActiveCfg = Release|Win32
		{69A1B615-2EF3-4169-A7E5-102D8FEB037A}.Release|x86.Build.0 = Release|Win32
		{0DD8DB45-4FEE-4806-8573-180E491142B8}.Debug|x64.ActiveCfg = Debug|x64
		{0DD8DB45-4FEE-4806-8573-180E491142B8}.Debug|x64.Build.0 = Debug|x64
		{0DD8DB45-4FEE-4806-8573-180E491142B8}.Debug|x86.ActiveCfg = Debug|Win32
		{0DD8DB45-4FEE-4806-8573-180E491142B8}.Debug|x86.Build.0 = Debug|Win32
		{0DD8DB45-4FEE-4806-8573-180E491142B8}.Release|x64.ActiveCfg = Release|x64
		{0DD8DB45-4FEE-4806-8573-180E491142B8}.Release|x64.Build.0 = Release|x64
		{0DD8DB45-4FEE-4806-8573-180E491142B8}.Release|x86.ActiveCfg = Release|Win32
		{0DD8DB45-4FEE-4806-8573-180E491142B8}.Release|x86.Build.0 = Release|Win32
		{212A62DD-DFB4-4563-A60D-34EB9DF870DE}.Debug|x64.ActiveCfg = Debug|x64
		{212A62DD-DFB4-4563-A60D-34EB9DF870DE}.Debug|x64.Build.0 = Debug|x64
		{212A62DD-DFB4-4563-A60D-34EB9DF870DE}.Debug|x86.ActiveCfg = Debug|Win32
		{212A62DD-DFB4-4563-A60D-34EB9DF870DE}.Debug|x86.Build.0 = Debug|Win32
		{212A62DD-DFB4-4563-A60D-34EB9DF870DE}.Release|x64.ActiveCfg = Release|x64
		{212A62DD-DFB4-4563-A60D-34EB9DF870DE}.Release|x64.Build.0 = Release|x64
		{212A62DD-DFB4-4563-A60D-34EB9DF870DE}.Release|x86.ActiveCfg = Release|Win32
		{212A62DD-DFB4-4563-A60D-34EB9DF870DE}.Release|x86.Build.0 = Release|Win32
		{D3B20F73-31A4-4288-B4CB-8B5D24A57CF6}.Debug|x64.ActiveCfg = Debug|x64
		{D3B20F73-31A4-4288-B4CB-8B5D24A57CF6}.Debug|x64.Build.0 = Debug|x64
		{D3B20F73-31A4-4288-B4CB-8B5D24A57CF6}.Debug|x86.ActiveCfg = Debug|Win32
		{D3B20F73-31A4-4288-B4CB-8B5D24A57CF6}.Debug|x86.Build.0 = Debug|Win32
		{D3B20F73-31A4-4288-B4CB-8B5D24A57CF6}.Release|x64.ActiveCfg = Release|x64
		{D3B20F73-31A4-4288-B4CB-8B5D24A57CF6}.Release|x64.Build.0 = Release|x64
		{D3B20F73-31A4-4288-B4CB-8B5D24A57CF6}.Release|x86.ActiveCfg = Release|Win32
		{D3B20F73-31A4-4288-B4CB-8B5D24A57CF6}.Release|x86.Build.0 = Release|Win32
		{8A8351A6-CB6F-4444-B5C4-5BE39661977D}.Debug|x64.ActiveCfg = Debug|x64
		{8A8351A6-CB6F-4444-B5C4-5BE39661977D}.Debug|x64.Build.0 = Debug|x64
		{8A8351A6-CB6F-4444-B5C4-5BE39661977D}.Debug|x86.ActiveCfg = Debug|Win32
		{8A8351A6-CB6F-4444-B5C4-5BE39661977D}.Debug|x86.Build.0 = Debug|Win32
		{8A8351A6-CB6F-4444-B5C4-5BE39661977D}.Release|x64.ActiveCfg = Release|x64
		{8A8351A6-CB6F-4444-B5C4-5BE39661977D}.Release|x64.Build.0 = Release|x64
		{8A8351A6-CB6F-4444-B5C4-5BE39661977D}.Release|x86.ActiveCfg = Release|Win32
		{8A8351A6-CB6F-4444-B5C4-5BE39661977D}.Release|x86.Build.0 = Release|Win32
		{CC516199-6559-430A-B6D9-1C45BF296721}.Debug|x64.ActiveCfg = Debug|x64
		{CC516199-6559-430A-B6D9-1C45BF296721}.Debug|x64.Build.0 = Debug|x64
		{CC516199-6559-430A-B6D9-1C45BF296721}.Debug|x86.ActiveCfg = Debug|Win32
		{CC516199-6559-430A-B6D9-1C45BF296721}.Debug|x86.Build.0 = Debug|Win32
		{CC516199-6559-430A-B6D9-1C45BF296721}.Release|x64.ActiveCfg = Release|x64
		{CC516199-6559-430A-B6D9-1C45BF296721}.Release|x64.Build.0 = Release|x64
		{CC516199-6559-430A-B6D9-1C45BF296721}.Release|x86.ActiveCfg = Release|Win32
		{CC516199-6559-430A-B6D9-1C45BF296721}.Release|x86.Build.0 = Release|Win32
		{100DB2D3-CCE5-4527-BA8F-4B9E006B574B}.Debug|x64.ActiveCfg = Debug|x64
		{100DB2D3-CCE5-4527-BA8F-4B9E006B574B}.Debug|x64.Build.0 = Debug|x64
		{100DB2D3-CCE5-4527-BA8F-4B9E006B574B}.Debug|x86.ActiveCfg = Debug|Win32
		{100DB2D3-CCE5-4527-BA8F-4B9E006B574B}.Debug|x86.Build.0 = Debug|Win32
		{100DB2D3-CCE5-4527-BA8F-4B9E006B574B}.Release|x64.ActiveCfg = Release|x64
		{100DB2D3-CCE5-4527-BA8F-4B9E006B574B}.Release|x64.Build.0 = Release|x64
		{100DB2D3-CCE5-4527-BA8F-4B9E006B574B}.Release|x86.ActiveCfg = Release|Win32
		{100DB2D3-CCE5-4527-BA8F-4B9E006B574B}.Release|x86.Build.0 = Release|Win32
		{C17182F3-DD82-4BC5-9CCA-824F7B08017E}.Debug|x64.ActiveCfg = Debug|x64
		{C17182F3-DD82-4BC5-9CCA-824F7B08017E}.Debug|x64.Build.0 = Debug|x64
		{C17182F3-DD82-4BC5-9CCA-824F7B08017E}.Debug|x86.ActiveCfg = Debug|Win32
		{C17182F3-DD82-4BC5-9CCA-824F7B08017E}.Debug|x86.Build.0 = Debug|Win32
		{C17182F3-DD82-4BC5-9CCA-824F7B08017E}.Release|x64.ActiveCfg = Release|x64
		{C17182F3-DD82-4BC5-9CCA-824F7B08017E}.Release|x64.Build.0 = Release|x64
		{C17182F3-DD82-4BC5-9CCA-824F7B08017E}.Release|x86.ActiveCfg = Release|Win32
		{C17182F3-DD82-4BC5-9CCA-824F7B08017E}.Release|x86.Build.0 = Release|Win32
		{64ABB48A-00A0-4512-8212-E7EB86E65E3A}.Debug|x64.ActiveCfg = Debug|x64
		{64ABB48A-00A0-4512-8212-E7EB86E65E3A}.Debug|x64.Build.0 = Debug|x64
		{64ABB48A-00A0-4512-8212-E7EB86E65E3A}.Debug|x86.ActiveCfg = Debug|Win32
		{64ABB48A-00A0-4512-8212-E7EB86E65E3A}.Debug|x86.Build.0 = Debug|Win32
		{64ABB48A-00A0-4512-8212-E7EB86E65E3A}.Release|x64.ActiveCfg = Release|x64
		{64ABB48A-00A0-4512-8212-E7EB86E65E3A}.Release|x64.Build.0 = Release|x64
		{64ABB48A-00A0-4512-8212-E7EB86E65E3A}.Release|x86.ActiveCfg = Release|Win32
		{64ABB48A-00A0-4512-8212-E7EB86E65E3A}.Release|x86.Build.0 = Release|Win32
		{E51E2ACD-F445-4C8E-A461-9B622155E7EA}.Debug|x64.ActiveCfg = Debug|x64
		{E51E2ACD-F445-4C8E-A461-9B622155E7EA}.Debug|x64.Build.0 = Debug|x64
		{E51E2ACD-F445-4C8E-A461-9B622155E7EA}.Debug|x86.ActiveCfg = Debug|Win32
		{E51E2ACD-F445-4C8E-A461-9B622155E7EA}.Debug|x86.Build.0 = Debug|Win32
		{E51E2ACD-F445-4C8E-A461-9B622155E7EA}.Release|x64.ActiveCfg = Release|x64
		{E51E2ACD-F445-4C8E-A461-9B622155E7EA}.Release|x64.Build.0 = Release|x64
		{E51E2ACD-F445-4C8E-A461-9B622155E7EA}.Release|x86.ActiveCfg = Release|Win32
		{E51E2ACD-F445-4C8E-A461-9B622155E7EA}.Release|x86.Build.0 = Release|Win32
		{1D487A15-E7F4-4F27-AFD5-85A80AACF5E3}.Debug|x64.ActiveCfg = Debug|x64
		{1D487A15-E7F4-4F27-AFD5-85A80AACF5E3}.Debug|x64.Build.0 = Debug|x64
		{1D487A15-E7F4-4F27-AFD5-85A80AACF5E3}.Debug|x86.ActiveCfg = Debug|Win32
		{1D487A15-E7F4-4F27-AFD5-85A80AACF5E3}.Debug|x86.Build.0 = Debug|Win32
		{1D487A15-E7F4-4F27-AFD5-85A80AACF5E3}.Release|x64.ActiveCfg = Release|x64
		{1D487A15-E7F4-4F27-AFD5-85A80AACF5E3}.Release|x64.Build.0 = Release|x64
		{1D487A15-E7F4-4F27-AFD5-85A80AACF5E3}.Release|x86.ActiveCfg = Release|Win32
		{1D487A15-E7F4-4F27-AFD5-85A80AACF5E3}.Release|x86.Build.0 = Release|Win32
		{66442B7D-39E3-4B5E-BEBF-2AFEF8B44544}.Debug|x64.ActiveCfg = Debug|x64
		{66442B7D-39E3-4B5E-BEBF-2AFEF8B44544}.Debug|x64.Build.0 = Debug|x64
		{66442B7D-39E3-4B5E-BEBF-2AFEF8B44544}.Debug|x86.ActiveCfg = Debug|Win32
		{66442B7D-39E3-4B5E-BEBF-2AFEF8B44544}.Debug|x86.Build.0 = Debug|Win32
		{66442B7D-39E3-4B5E-BEBF-2AFEF8B44544}.Release|x64.ActiveCfg = Release|x64
		{66442B7D-39E3-4B5E-BEBF-2AFEF8B44544}.Release|x64.Build.0 = Release|x64
		{66442B7D-39E3-4B5E-BEBF-2AFEF8B44544}.Release|x86.ActiveCfg = Release|Win32
		{66442B7D-39E3-4B5E-BEBF-2AFEF8B44544}.Release|x86.Build.0 = Release|Win32
		{0F1B0A13-B607-4D0B-98FB-8E05D393B6A0}.Debug|x64.ActiveCfg = Debug|x64
		{0F1B0A13-B607-4D0B-98FB-8E05D393B6A0}.Debug|x64.Build.0 = Debug|x64
		{0F1B0A13-B607-4D0B-98FB-8E05D393B6A0}.Debug|x86.ActiveCfg = Debug|Win32
		{0F1B0A13-B607-4D0B-98FB-8E05D393B6A0}.Debug|x86.Build.0 = Debug|Win32
		{0F1B0A13-B607-4D0B-98FB-8E05D393B6A0}.Release|x64.ActiveCfg = Release|x64
		{0F1B0A13-B607-4D0B-98FB-8E05D393B6A0}.Release|x64.Build.0 = Release|x64
		{0F1B0A13-B607-4D0B-98FB-8E05D393B6A0}.Release|x86.ActiveCfg = Release|Win32
		{0F1B0A13-B607-4D0B-98FB-8E05D393B6A0}.Release|x86.Build.0 = Release|Win32
		{F94B1C7D-D365-459C-81B3-36BAC6BD5D4C}.Debug|x64.ActiveCfg = Debug|x64
		{F94B1C7D-D365-459C-81B3-36BAC6BD5D4C}.Debug|x64.Build.0 = Debug|x64
		{F94B1C7D-D365-459C-81B3-36BAC6BD5D4C}.Debug|x86.ActiveCfg = Debug|Win32
		{F94B1C7D-D365-459C-81B3-36BAC6BD5D4C}.Debug|x86.Build.0 = Debug|Win32
		{F94B1C7D-D365-459C-81B3-36BAC6BD5D4C}.Release|x64.ActiveCfg = Release|x64
		{F94B1C7D-D365-459C-81B3-36BAC6BD5D4C}.Release|x64.Build.0 = Release|x64
		{F94B1C7D-D365-459C-81B3-36BAC6BD5D4C}.Release|x86.ActiveCfg = Release|Win32
		{F94B1C7D-D365-459C-81B3-36BAC6BD5D4C}.Release|x86.Build.0 = Release|Win32
		{1191555C-19FE-47AA-84B0-E3238B10F90A}.Debug|x64.ActiveCfg = Debug|x64
		{1191555C-19FE-47AA-84B0-E3238B10F90A}.Debug|x64.Build.0 = Debug|x64
		{1191555C-19FE-47AA-84B0-E3238B10F90A}.Debug|x86.ActiveCfg = Debug|Win32
		{1191555C-19FE-47AA-84B0-E3238B10F90A}.Debug|x86.Build.0 = Debug|Win32
		{1191555C-19FE-47AA-84B0-E3238B10F90A}.Release|x64.ActiveCfg = Release|x64
		{1191555C-19FE-47AA-84B0-E3238B10F90A}.Release|x64.Build.0 = Release|x64
		{1191555C-19FE-47AA-84B0-E3238B10F90A}.Release|x86.ActiveCfg = Release|Win32
		{1191555C-19FE-47AA-84B0-E3238B10F90A}.Release|x86.Build.0 = Release|Win32
		{9E3D85B6-5E86-409B-8BD0-FA1D8B217CA6}.Debug|x64.ActiveCfg = Debug|x64
		{9E3D85B6-5E86-409B-8BD0-FA1D8B217CA6}.Debug|x64.Build.0 = Debug|x64
		{9E3D85B6-5E86-409B-8BD0-FA1D8B217CA6}.Debug|x86.ActiveCfg = Debug|Win32
		{9E3D85B6-5E86-409B-8BD0-FA1D8B217CA6}.Debug|x86.Build.0 = Debug|Win32
		{9E3D85B6-5E86-409B-8BD0-FA1D8B217CA6}.Release|x64.ActiveCfg = Release|x64
		{9E3D85B6-5E86-409B-8BD0-FA1D8B217CA6}.Release|x64.Build.0 = Release|x64
		{9E3D85B6-5E86-409B-8BD0-FA1D8B217CA6}.Release|x86.ActiveCfg = Release|Win32
		{9E3D85B6-5E86-409B-8BD0-FA1D8B217CA6}.Release|x86.Build.0 = Release|Win32
		{A799A95D-B0C3-4D5D-92FB-0450737C25A0}.Debug|x64.ActiveCfg = Debug|x64
		{A799A95D-B0C3-4D5D-92FB-0450737C25A0}.Debug|x64.Build.0 = Debug|x64
		{A799A95D-B0C3-4D5D-92FB-0450737C25A0}.Debug|x86.ActiveCfg = Debug|Win32
		{A799A95D-B0C3-4D5D-92FB-0450737C25A0}.Debug|x86.Build.0 = Debug|Win32
		{A799A95D-B0C3-4D5D-92FB-0450737C25A0}.Release|x64.ActiveCfg = Release|x64
		{A799A95D-B0C3-4D5D-92FB-0450737C25A0}.Release|x64.Build.0 = Release|x64
		{A799A95D-B0C3-4D5D-92FB-0450737C25A0}.Release|x86.ActiveCfg = Release|Win32
		{A799A95D-B0C3-4D5D-92FB-0450737C25A0}.Release|x86.Build.0 = Release|Win32
		{449231AE-5973-44A1-86B4-AE333193F455}.Debug|x64.ActiveCfg = Debug|x64
		{449231AE-5973-44A1-86B4-AE333193F455}.Debug|x64.Build.0 = Debug|x64
		{449231AE-5973-44A1-86B4-AE333193F455}.Debug|x86.ActiveCfg = Debug|Win32
		{449231AE-5973-44A1-86B4-AE333193F455}.Debug|x86.Build.0 = Debug|Win32
		{449231AE-5973-44A1-86B4-AE333193F455}.Release|x64.ActiveCfg = Release|x64
		{449231AE-5973-44A1-86B4-AE333193F455}.Release|x64.Build.0 = Release|x64
		{449231AE-5973-44A1-86B4-AE333193F455}.Release|x86.ActiveCfg = Release|Win32
		{449231AE-5973-44A1-86B4-AE333193F455}.Release|x86.Build.0 = Release|Win32
		{7D28095D-E068-469A-80AA-C99E7CD84494}.Debug|x64.ActiveCfg = Debug|x64
		{7D28095D-E068-469A-80AA-C99E7CD84494}.Debug|x64.Build.0 = Debug|x64
		{7D28095D-E068-469A-80AA-C99E7CD84494}.Debug|x86.ActiveCfg = Debug|Win32
		{7D28095D-E068-469A-80AA-C99E7CD84494}.Debug|x86.Build.0 = Debug|Win32
		{7D28095D-E068-469A-80AA-C99E7CD84494}.Release|x64.ActiveCfg = Release|x64
		{7D28095D-E068-469A-80AA-C99E7CD84494}.Release|x64.Build.0 = Release|x64
		{7D28095D-E068-469A-80AA-C99E7CD84494}.Release|x86.ActiveCfg = Release|Win32
		{7D28095D-E068-469A-80AA-C99E7CD84494}.Release|x86.Build.0 = Release|Win32
		{3ED27051-97F9-48DB-A2AA-196BAC75AB9F}.Debug|x64.ActiveCfg = Debug|x64
		{3ED27051-97F9-48DB-A2AA-196BAC75AB9F}.Debug|x64.Build.0 = Debug|x64
		{3ED27051-97F9-48DB-A2AA-196BAC75AB9F}.Debug|x86.ActiveCfg = Debug|Win32
		{3ED27051-97F9-48DB-A2AA-196BAC75AB9F}.Debug|x86.Build.0 = Debug|Win32
		{3ED27051-97F9-48DB-A2AA-196BAC75AB9F}.Release|x64.ActiveCfg = Release|x64
		{3ED27051-97F9-48DB-A2AA-196BAC75AB9F}.Release|x64.Build.0 = Release|x64
		{3ED27051-97F9-48DB-A2AA-196BAC75AB9F}.Release|x86.ActiveCfg = Release|Win32
		{3ED27051-97F9-48DB-A2AA-196BAC75AB9F}.Release|x86.Build.0 = Release|Win32
		{9894F901-BC56-48A4-91E5-23E04ACC4F50}.Debug|x64.ActiveCfg = Debug|x64
		{9894F901-BC56-48A4-91E5-23E04ACC4F50}.Debug|x64.Build.0 = Debug|x64
		{9894F901-BC56-48A4-91E5-23E04ACC4F50}.Debug|x86.ActiveCfg = Debug|Win32
		{9894F901-BC56-48A4-91E5-23E04ACC4F50}.Debug|x86.Build.0 = Debug|Win32
		{9894F901-BC56-48A4-91E5-23E04ACC4F50}.Release|x64.ActiveCfg = Release|x64
		{9894F901-BC56-48A4-91E5-23E04ACC4F50}.Release|x64.Build.0 = Release|x64
		{9894F901-BC56-48A4-91E5-23E04ACC4F50}.Release|x86.ActiveCfg = Release|Win32
		{9894F901-BC56-48A4-91E5-23E04ACC4F50}.Release|x86.Build.0 = Release|Win32
		{1013D2DD-E370-4371-BC80-A54F02A7EE5D}.Debug|x64.ActiveCfg = Debug|x64
		{1013D2DD-E370-4371-BC80-A54F02A7EE5D}.Debug|x64.Build.0 = Debug|x64
		{1013D2DD-E370-4371-BC80-A54F02A7EE5D}.Debug|x86.ActiveCfg = Debug|Win32
		{1013D2DD-E370-4371-BC80-A54F02A7EE5D}.Debug|x86.Build.0 = Debug|Win32
		{1013D2DD-E370-4371-BC80-A54F02A7EE5D}.Release|x64.ActiveCfg = Release|x64
		{1013D2DD-E370-4371-BC80-A54F02A7EE5D}.Release|x64.Build.0 = Release|x64
		{1013D2DD-E370-4371-BC80-A54F02A7EE5D}.Release|x86.ActiveCfg = Release|Win32
		{1013D2DD-E370-4371-BC80-A54F02A7EE5D}.Release|x86.Build.0 = Release|Win32
		{A02ADDD2-9970-446F-87BB-C7207AE0014B}.Debug|x64.ActiveCfg = Debug|x64
		{A02ADDD2-9970-446F-87BB-C7207AE0014B}.Debug|x64.Build.0 = Debug|x64
		{A02ADDD2-9970-446F-87BB-C7207AE0014B}.Debug|x86.ActiveCfg = Debug|Win32
		{A02ADDD2-9970-446F-87BB-C7207AE0014B}.Debug|x86.Build.0 = Debug|Win32
		{A02ADDD2-9970-446F-87BB-C7207AE0014B}.Release|x64.ActiveCfg = Release|x64
		{A02ADDD2-9970-446F-87BB-C7207AE0014B}.Release|x64.Build.0 = Release|x64
		{A02ADDD2-9970-446F-87BB-C7207AE0014B}.Release|x86.ActiveCfg = Release|Win32
		{A02ADDD2-9970-446F-87BB-C7207AE0014B}.Release|x86.Build.0 = Release|Win32
		{DE743AF1-658E-497E-AF53-F3E23A090769}.Debug|x64.ActiveCfg = Debug|x64
		{DE743AF1-658E-497E-AF53-F3E23A090769}.Debug|x64.Build.0 = Debug|x64
		{DE743AF1-658E-497E-AF53-F3E23A090769}.Debug|x86.ActiveCfg = Debug|Win32
		{DE743AF1-658E-497E-AF53-F3E23A090769}.Debug|x86.Build.0 = Debug|Win32
		{DE743AF1-658E-497E-AF53-F3E23A090769}.Release|x64.ActiveCfg = Release|x64
		{DE743AF1-658E-497E-AF53-F3E23A090769}.Release|x64.Build.0 = Release|x64
		{DE743AF1-658E-497E-AF53-F3E23A090769}.Release|x86.ActiveCfg = Release|Win32
		{DE743AF1-658E-497E-AF53-F3E23A090769}.Release|x86.Build.0 = Release|Win32
		{C752C838-0BB1-457F-BD7F-3D2D4E992D91}.Debug|x64.ActiveCfg = Debug|x64
		{C752C838-0BB1-457F-BD7F-3D2D4E992D91}.Debug|x64.Build.0 = Debug|x64
		{C752C838-0BB1-457F-BD7F-3D2D4E992D91}.Debug|x86.ActiveCfg = Debug|Win32
		{C752C838-0BB1-457F-BD7F-3D2D4E992D91}.Debug|x86.Build.0 = Debug|Win32
		{C752C838-0BB1-457F-BD7F-3D2D4E992D91}.Release|x64.ActiveCfg = Release|x64
		{C752C838-0BB1-457F-BD7F-3D2D4E992D91}.Release|x64.Build.0 = Release|x64
		{C752C838-0BB1-457F-BD7F-3D2D4E992D91}.Release|x86.ActiveCfg = Release|Win32
		{C752C838-0BB1-457F-BD7F-3D2D4E992D91}.Release|x86.Build.0 = Release|Win32
		{B8DA7EDF-FC81-49F0-AC1C-F8264F02F958}.Debug|x64.ActiveCfg = Debug|x64
		{B8DA7EDF-FC81-49F0-AC1C-F8264F02F958}.Debug|x64.Build.0 = Debug|x64
		{B8DA7EDF-FC81-49F0-AC1C-F8264F02F958}.Debug|x86.ActiveCfg = Debug|Win32
		{B8DA7EDF-FC81-49F0-AC1C-F8264F02F958}.Debug|x86.Build.0 = Debug|Win32
		{B8DA7EDF-FC81-49F0-AC1C-F8264F02F958}.Release|x64.ActiveCfg = Release|x64
		{B8DA7EDF-FC81-49F0-AC1C-F8264F02F958}.Release|x64.Build.0 = Release|x64
		{B8DA7EDF-FC81-49F0-AC1C-F8264F02F958}.Release|x86.ActiveCfg = Release|Win32
		{B8DA7EDF-FC81-49F0-AC1C-F8264F02F958}.Release|x86.Build.0 = Release|Win32
		{BAD470E5-8E1E-497F-A1C6-E4DC4F6EBC9A}.Debug|x64.ActiveCfg = Debug|x64
		{BAD470E5-8E1E-497F-A1C6-E4DC4F6EBC9A}.Debug|x64.Build.0 = Debug|x64
		{BAD470E5-8E1E-497F-A1C6-E4DC4F6EBC9A}.Debug|x86.ActiveCfg = Debug|Win32
		{BAD470E5-8E1E-497F-A1C6-E4DC4F6EBC9A}.Debug|x86.Build.0 = Debug|Win32
		{BAD470E5-8E1E-497F-A1C6-E4DC4F6EBC9A}.Release|x64.ActiveCfg = Release|x64
		{BAD470E5-8E1E-497F-A1C6-E4DC4F6EBC9A}.Release|x64.Build.0 = Release|x64
		{BAD470E5-8E1E-497F-A1C6-E4DC4F6EBC9A}.Release|x86.ActiveCfg = Release|Win32
		{BAD470E5-8E1E-497F-A1C6-E4DC4F6EBC9A}.Release|x86.Build.0 = Release|Win32
	EndGlobalSection
	GlobalSection(SolutionProperties) = preSolution
		HideSolutionNode = FALSE
	EndGlobalSection
	GlobalSection(NestedProjects) = preSolution
		{657869C0-ABA3-4237-8332-787DF14DD397} = {3985F9E1-5332-4C73-AD1C-BE63B309915C}
		{C46FCCE4-A3B3-4B7E-9BBC-62D26753B7A6} = {3985F9E1-5332-4C73-AD1C-BE63B309915C}
		{69A1B615-2EF3-4169-A7E5-102D8FEB037A} = {3985F9E1-5332-4C73-AD1C-BE63B309915C}
		{0DD8DB45-4FEE-4806-8573-180E491142B8} = {C053FBD0-A5C5-4A72-8339-7B4C835CC42E}
		{212A62DD-DFB4-4563-A60D-34EB9DF870DE} = {C053FBD0-A5C5-4A72-8339-7B4C835CC42E}
		{D3B20F73-31A4-4288-B4CB-8B5D24A57CF6} = {217E633A-A162-4A0D-A08F-1C3C7503BFB5}
		{8A8351A6-CB6F-4444-B5C4-5BE39661977D} = {217E633A-A162-4A0D-A08F-1C3C7503BFB5}
		{CC516199-6559-430A-B6D9-1C45BF296721} = {39068844-430B-496C-B415-4823D4A904EB}
		{100DB2D3-CCE5-4527-BA8F-4B9E006B574B} = {6280D502-FF89-497D-BB96-001158019D27}
		{C17182F3-DD82-4BC5-9CCA-824F7B08017E} = {6280D502-FF89-497D-BB96-001158019D27}
		{64ABB48A-00A0-4512-8212-E7EB86E65E3A} = {6280D502-FF89-497D-BB96-001158019D27}
		{E51E2ACD-F445-4C8E-A461-9B622155E7EA} = {6280D502-FF89-497D-BB96-001158019D27}
		{1D487A15-E7F4-4F27-AFD5-85A80AACF5E3} = {6280D502-FF89-497D-BB96-001158019D27}
		{66442B7D-39E3-4B5E-BEBF-2AFEF8B44544} = {6280D502-FF89-497D-BB96-001158019D27}
		{0F1B0A13-B607-4D0B-98FB-8E05D393B6A0} = {6280D502-FF89-497D-BB96-001158019D27}
		{F94B1C7D-D365-459C-81B3-36BAC6BD5D4C} = {06D80220-DED8-4A04-B8C0-E9761F0887E1}
		{1191555C-19FE-47AA-84B0-E3238B10F90A} = {0164FDE6-A701-4227-A8D6-62AF20125189}
		{9E3D85B6-5E86-409B-8BD0-FA1D8B217CA6} = {8C07FD83-0852-46D2-8239-AC607AEBF478}
		{A799A95D-B0C3-4D5D-92FB-0450737C25A0} = {8C07FD83-0852-46D2-8239-AC607AEBF478}
		{449231AE-5973-44A1-86B4-AE333193F455} = {8C07FD83-0852-46D2-8239-AC607AEBF478}
		{7D28095D-E068-469A-80AA-C99E7CD84494} = {5AE2FF4E-C746-4915-917D-0951A49F1544}
		{3ED27051-97F9-48DB-A2AA-196BAC75AB9F} = {5AE2FF4E-C746-4915-917D-0951A49F1544}
		{9894F901-BC56-48A4-91E5-23E04ACC4F50} = {5AE2FF4E-C746-4915-917D-0951A49F1544}
		{1013D2DD-E370-4371-BC80-A54F02A7EE5D} = {5AE2FF4E-C746-4915-917D-0951A49F1544}
		{A02ADDD2-9970-446F-87BB-C7207AE0014B} = {5AE2FF4E-C746-4915-917D-0951A49F1544}
		{DE743AF1-658E-497E-AF53-F3E23A090769} = {5AE2FF4E-C746-4915-917D-0951A49F1544}
		{C752C838-0BB1-457F-BD7F-3D2D4E992D91} = {5AE2FF4E-C746-4915-917D-0951A49F1544}
		{B8DA7EDF-FC81-49F0-AC1C-F8264F02F958} = {D2354340-EE15-46F5-AECA-C609C76870BF}
		{BAD470E5-8E1E-497F-A1C6-E4DC4F6EBC9A} = {D2354340-EE15-46F5-AECA-C609C76870BF}
	EndGlobalSection
	GlobalSection(ExtensibilityGlobals) = postSolution
		SolutionGuid = {850448BC-20FE-4E7D-A7E0-5B4F90135ECE}
	EndGlobalSection
EndGlobal
